PODS:
  - Charts (3.5.0):
    - Charts/Core (= 3.5.0)
  - Charts/Core (3.5.0)
  - SwiftCSVExport (2.3.0)

DEPENDENCIES:
  - Charts
  - SwiftCSVExport

SPEC REPOS:
  trunk:
    - Charts
    - SwiftCSVExport

SPEC CHECKSUMS:
  Charts: 40a08591df1f8ad5c223ddedfb1a06da92f24f7c
  SwiftCSVExport: cede8b2125f107a4d5ef38db23791383b852992d

PODFILE CHECKSUM: 128f19ae262fe9324de507845f504378c88017af

COCOAPODS: 1.9.1
